
Microsoft Visual Studio Solution File, Format Version 12.00
# Visual Studio 14
VisualStudioVersion = 14.0.24720.0
MinimumVisualStudioVersion = 10.0.40219.1
Project("{FAE04EC0-301F-11D3-BF4B-00C04F79EFBC}") = "iTemplate.Web", "iTemplate.Web\iTemplate.Web.csproj", "{17CA2C54-CEE9-446B-A3B1-6ED10A9DECF3}"
EndProject
Project("{FAE04EC0-301F-11D3-BF4B-00C04F79EFBC}") = "iTemplate.Library", "iTemplate.Library\iTemplate.Library.csproj", "{1ECBC0CC-02E5-43B0-B62A-E1503BBA87CD}"
EndProject
Global
	GlobalSection(SolutionConfigurationPlatforms) = preSolution
		Debug|Any CPU = Debug|Any CPU
		Release|Any CPU = Release|Any CPU
	EndGlobalSection
	GlobalSection(ProjectConfigurationPlatforms) = postSolution
		{17CA2C54-CEE9-446B-A3B1-6ED10A9DECF3}.Debug|Any CPU.ActiveCfg = Debug|Any CPU
		{17CA2C54-CEE9-446B-A3B1-6ED10A9DECF3}.Debug|Any CPU.Build.0 = Debug|Any CPU
		{17CA2C54-CEE9-446B-A3B1-6ED10A9DECF3}.Release|Any CPU.ActiveCfg = Release|Any CPU
		{17CA2C54-CEE9-446B-A3B1-6ED10A9DECF3}.Release|Any CPU.Build.0 = Release|Any CPU
		{1ECBC0CC-02E5-43B0-B62A-E1503BBA87CD}.Debug|Any CPU.ActiveCfg = Debug|Any CPU
		{1ECBC0CC-02E5-43B0-B62A-E1503BBA87CD}.Debug|Any CPU.Build.0 = Debug|Any CPU
		{1ECBC0CC-02E5-43B0-B62A-E1503BBA87CD}.Release|Any CPU.ActiveCfg = Release|Any CPU
		{1ECBC0CC-02E5-43B0-B62A-E1503BBA87CD}.Release|Any CPU.Build.0 = Release|Any CPU
	EndGlobalSection
	GlobalSection(SolutionProperties) = preSolution
		HideSolutionNode = FALSE
	EndGlobalSection
EndGlobal
